// !$*UTF8*$!
{
	archiveVersion = 1;
	classes = {
	};
	objectVersion = 52;
	objects = {

/* Begin PBXBuildFile section */
		7F8EBD39247F50F0005D96DD /* AppDelegate.swift in Sources */ = {isa = PBXBuildFile; fileRef = 7F8EBD38247F50F0005D96DD /* AppDelegate.swift */; };
		7F8EBD3B247F50F0005D96DD /* ContentView.swift in Sources */ = {isa = PBXBuildFile; fileRef = 7F8EBD3A247F50F0005D96DD /* ContentView.swift */; };
		7F8EBD3D247F50F2005D96DD /* Assets.xcassets in Resources */ = {isa = PBXBuildFile; fileRef = 7F8EBD3C247F50F2005D96DD /* Assets.xcassets */; };
		7F8EBD40247F50F2005D96DD /* Preview Assets.xcassets in Resources */ = {isa = PBXBuildFile; fileRef = 7F8EBD3F247F50F2005D96DD /* Preview Assets.xcassets */; };
		7F8EBD43247F50F2005D96DD /* Main.storyboard in Resources */ = {isa = PBXBuildFile; fileRef = 7F8EBD41247F50F2005D96DD /* Main.storyboard */; };
		7F8EBD4F247F50F2005D96DD /* AnniversaryTests.swift in Sources */ = {isa = PBXBuildFile; fileRef = 7F8EBD4E247F50F2005D96DD /* AnniversaryTests.swift */; };
		7F8EBD5A247F50F2005D96DD /* AnniversaryUITests.swift in Sources */ = {isa = PBXBuildFile; fileRef = 7F8EBD59247F50F2005D96DD /* AnniversaryUITests.swift */; };
		7F8EBD6B247F55DE005D96DD /* anniversaries.json in Resources */ = {isa = PBXBuildFile; fileRef = 7F8EBD6A247F55DE005D96DD /* anniversaries.json */; };
		7F8EBD6D247F560E005D96DD /* Anniversary.swift in Sources */ = {isa = PBXBuildFile; fileRef = 7F8EBD6C247F560E005D96DD /* Anniversary.swift */; };
		7F8EBD70247F5704005D96DD /* Data.swift in Sources */ = {isa = PBXBuildFile; fileRef = 7F8EBD6F247F5704005D96DD /* Data.swift */; };
		7F8EBD72247F5780005D96DD /* AnniversaryRow.swift in Sources */ = {isa = PBXBuildFile; fileRef = 7F8EBD71247F5780005D96DD /* AnniversaryRow.swift */; };
		7F8EBD74247F578E005D96DD /* AnniversaryList.swift in Sources */ = {isa = PBXBuildFile; fileRef = 7F8EBD73247F578E005D96DD /* AnniversaryList.swift */; };
		7F8EBD76247F678F005D96DD /* Anniversaries.swift in Sources */ = {isa = PBXBuildFile; fileRef = 7F8EBD75247F678F005D96DD /* Anniversaries.swift */; };
		7F8EBD79247FA9AB005D96DD /* SwiftDate in Frameworks */ = {isa = PBXBuildFile; productRef = 7F8EBD78247FA9AB005D96DD /* SwiftDate */; };
		7F8EBD7B247FBA2C005D96DD /* AnniversaryDetail.swift in Sources */ = {isa = PBXBuildFile; fileRef = 7F8EBD7A247FBA2C005D96DD /* AnniversaryDetail.swift */; };
		7F8EBD7D247FBE5A005D96DD /* NavigationMaster.swift in Sources */ = {isa = PBXBuildFile; fileRef = 7F8EBD7C247FBE5A005D96DD /* NavigationMaster.swift */; };
		7F8EBD7F247FBFC2005D96DD /* NavigationDetail.swift in Sources */ = {isa = PBXBuildFile; fileRef = 7F8EBD7E247FBFC2005D96DD /* NavigationDetail.swift */; };
/* End PBXBuildFile section */

/* Begin PBXContainerItemProxy section */
		7F8EBD4B247F50F2005D96DD /* PBXContainerItemProxy */ = {
			isa = PBXContainerItemProxy;
			containerPortal = 7F8EBD2D247F50F0005D96DD /* Project object */;
			proxyType = 1;
			remoteGlobalIDString = 7F8EBD34247F50F0005D96DD;
			remoteInfo = Anniversary;
		};
		7F8EBD56247F50F2005D96DD /* PBXContainerItemProxy */ = {
			isa = PBXContainerItemProxy;
			containerPortal = 7F8EBD2D247F50F0005D96DD /* Project object */;
			proxyType = 1;
			remoteGlobalIDString = 7F8EBD34247F50F0005D96DD;
			remoteInfo = Anniversary;
		};
/* End PBXContainerItemProxy section */

/* Begin PBXFileReference section */
		7F8EBD35247F50F0005D96DD /* Anniversary.app */ = {isa = PBXFileReference; explicitFileType = wrapper.application; includeInIndex = 0; path = Anniversary.app; sourceTree = BUILT_PRODUCTS_DIR; };
		7F8EBD38247F50F0005D96DD /* AppDelegate.swift */ = {isa = PBXFileReference; lastKnownFileType = sourcecode.swift; path = AppDelegate.swift; sourceTree = "<group>"; };
		7F8EBD3A247F50F0005D96DD /* ContentView.swift */ = {isa = PBXFileReference; lastKnownFileType = sourcecode.swift; path = ContentView.swift; sourceTree = "<group>"; };
		7F8EBD3C247F50F2005D96DD /* Assets.xcassets */ = {isa = PBXFileReference; lastKnownFileType = folder.assetcatalog; path = Assets.xcassets; sourceTree = "<group>"; };
		7F8EBD3F247F50F2005D96DD /* Preview Assets.xcassets */ = {isa = PBXFileReference; lastKnownFileType = folder.assetcatalog; path = "Preview Assets.xcassets"; sourceTree = "<group>"; };
		7F8EBD42247F50F2005D96DD /* Base */ = {isa = PBXFileReference; lastKnownFileType = file.storyboard; name = Base; path = Base.lproj/Main.storyboard; sourceTree = "<group>"; };
		7F8EBD44247F50F2005D96DD /* Info.plist */ = {isa = PBXFileReference; lastKnownFileType = text.plist.xml; path = Info.plist; sourceTree = "<group>"; };
		7F8EBD45247F50F2005D96DD /* Anniversary.entitlements */ = {isa = PBXFileReference; lastKnownFileType = text.plist.entitlements; path = Anniversary.entitlements; sourceTree = "<group>"; };
		7F8EBD4A247F50F2005D96DD /* AnniversaryTests.xctest */ = {isa = PBXFileReference; explicitFileType = wrapper.cfbundle; includeInIndex = 0; path = AnniversaryTests.xctest; sourceTree = BUILT_PRODUCTS_DIR; };
		7F8EBD4E247F50F2005D96DD /* AnniversaryTests.swift */ = {isa = PBXFileReference; lastKnownFileType = sourcecode.swift; path = AnniversaryTests.swift; sourceTree = "<group>"; };
		7F8EBD50247F50F2005D96DD /* Info.plist */ = {isa = PBXFileReference; lastKnownFileType = text.plist.xml; path = Info.plist; sourceTree = "<group>"; };
		7F8EBD55247F50F2005D96DD /* AnniversaryUITests.xctest */ = {isa = PBXFileReference; explicitFileType = wrapper.cfbundle; includeInIndex = 0; path = AnniversaryUITests.xctest; sourceTree = BUILT_PRODUCTS_DIR; };
		7F8EBD59247F50F2005D96DD /* AnniversaryUITests.swift */ = {isa = PBXFileReference; lastKnownFileType = sourcecode.swift; path = AnniversaryUITests.swift; sourceTree = "<group>"; };
		7F8EBD5B247F50F2005D96DD /* Info.plist */ = {isa = PBXFileReference; lastKnownFileType = text.plist.xml; path = Info.plist; sourceTree = "<group>"; };
		7F8EBD6A247F55DE005D96DD /* anniversaries.json */ = {isa = PBXFileReference; fileEncoding = 4; lastKnownFileType = text.json; path = anniversaries.json; sourceTree = "<group>"; };
		7F8EBD6C247F560E005D96DD /* Anniversary.swift */ = {isa = PBXFileReference; lastKnownFileType = sourcecode.swift; path = Anniversary.swift; sourceTree = "<group>"; };
		7F8EBD6F247F5704005D96DD /* Data.swift */ = {isa = PBXFileReference; lastKnownFileType = sourcecode.swift; path = Data.swift; sourceTree = "<group>"; };
		7F8EBD71247F5780005D96DD /* AnniversaryRow.swift */ = {isa = PBXFileReference; lastKnownFileType = sourcecode.swift; path = AnniversaryRow.swift; sourceTree = "<group>"; };
		7F8EBD73247F578E005D96DD /* AnniversaryList.swift */ = {isa = PBXFileReference; lastKnownFileType = sourcecode.swift; path = AnniversaryList.swift; sourceTree = "<group>"; };
		7F8EBD75247F678F005D96DD /* Anniversaries.swift */ = {isa = PBXFileReference; lastKnownFileType = sourcecode.swift; path = Anniversaries.swift; sourceTree = "<group>"; };
		7F8EBD7A247FBA2C005D96DD /* AnniversaryDetail.swift */ = {isa = PBXFileReference; lastKnownFileType = sourcecode.swift; path = AnniversaryDetail.swift; sourceTree = "<group>"; };
		7F8EBD7C247FBE5A005D96DD /* NavigationMaster.swift */ = {isa = PBXFileReference; lastKnownFileType = sourcecode.swift; path = NavigationMaster.swift; sourceTree = "<group>"; };
		7F8EBD7E247FBFC2005D96DD /* NavigationDetail.swift */ = {isa = PBXFileReference; lastKnownFileType = sourcecode.swift; path = NavigationDetail.swift; sourceTree = "<group>"; };
/* End PBXFileReference section */

/* Begin PBXFrameworksBuildPhase section */
		7F8EBD32247F50F0005D96DD /* Frameworks */ = {
			isa = PBXFrameworksBuildPhase;
			buildActionMask = 2147483647;
			files = (
				7F8EBD79247FA9AB005D96DD /* SwiftDate in Frameworks */,
			);
			runOnlyForDeploymentPostprocessing = 0;
		};
		7F8EBD47247F50F2005D96DD /* Frameworks */ = {
			isa = PBXFrameworksBuildPhase;
			buildActionMask = 2147483647;
			files = (
			);
			runOnlyForDeploymentPostprocessing = 0;
		};
		7F8EBD52247F50F2005D96DD /* Frameworks */ = {
			isa = PBXFrameworksBuildPhase;
			buildActionMask = 2147483647;
			files = (
			);
			runOnlyForDeploymentPostprocessing = 0;
		};
/* End PBXFrameworksBuildPhase section */

/* Begin PBXGroup section */
		7F8EBD2C247F50F0005D96DD = {
			isa = PBXGroup;
			children = (
				7F8EBD37247F50F0005D96DD /* Anniversary */,
				7F8EBD4D247F50F2005D96DD /* AnniversaryTests */,
				7F8EBD58247F50F2005D96DD /* AnniversaryUITests */,
				7F8EBD36247F50F0005D96DD /* Products */,
			);
			sourceTree = "<group>";
		};
		7F8EBD36247F50F0005D96DD /* Products */ = {
			isa = PBXGroup;
			children = (
				7F8EBD35247F50F0005D96DD /* Anniversary.app */,
				7F8EBD4A247F50F2005D96DD /* AnniversaryTests.xctest */,
				7F8EBD55247F50F2005D96DD /* AnniversaryUITests.xctest */,
			);
			name = Products;
			sourceTree = "<group>";
		};
		7F8EBD37247F50F0005D96DD /* Anniversary */ = {
			isa = PBXGroup;
			children = (
				7F8EBD6E247F56F1005D96DD /* Services */,
				7F8EBD69247F537D005D96DD /* Resources */,
				7F8EBD68247F5321005D96DD /* Models */,
				7F8EBD67247F531A005D96DD /* Views */,
				7F8EBD38247F50F0005D96DD /* AppDelegate.swift */,
				7F8EBD3A247F50F0005D96DD /* ContentView.swift */,
				7F8EBD3C247F50F2005D96DD /* Assets.xcassets */,
				7F8EBD41247F50F2005D96DD /* Main.storyboard */,
				7F8EBD44247F50F2005D96DD /* Info.plist */,
				7F8EBD45247F50F2005D96DD /* Anniversary.entitlements */,
				7F8EBD3E247F50F2005D96DD /* Preview Content */,
			);
			path = Anniversary;
			sourceTree = "<group>";
		};
		7F8EBD3E247F50F2005D96DD /* Preview Content */ = {
			isa = PBXGroup;
			children = (
				7F8EBD3F247F50F2005D96DD /* Preview Assets.xcassets */,
			);
			path = "Preview Content";
			sourceTree = "<group>";
		};
		7F8EBD4D247F50F2005D96DD /* AnniversaryTests */ = {
			isa = PBXGroup;
			children = (
				7F8EBD4E247F50F2005D96DD /* AnniversaryTests.swift */,
				7F8EBD50247F50F2005D96DD /* Info.plist */,
			);
			path = AnniversaryTests;
			sourceTree = "<group>";
		};
		7F8EBD58247F50F2005D96DD /* AnniversaryUITests */ = {
			isa = PBXGroup;
			children = (
				7F8EBD59247F50F2005D96DD /* AnniversaryUITests.swift */,
				7F8EBD5B247F50F2005D96DD /* Info.plist */,
			);
			path = AnniversaryUITests;
			sourceTree = "<group>";
		};
		7F8EBD67247F531A005D96DD /* Views */ = {
			isa = PBXGroup;
			children = (
				7F8EBD71247F5780005D96DD /* AnniversaryRow.swift */,
				7F8EBD73247F578E005D96DD /* AnniversaryList.swift */,
				7F8EBD7A247FBA2C005D96DD /* AnniversaryDetail.swift */,
				7F8EBD7C247FBE5A005D96DD /* NavigationMaster.swift */,
				7F8EBD7E247FBFC2005D96DD /* NavigationDetail.swift */,
			);
			path = Views;
			sourceTree = "<group>";
		};
		7F8EBD68247F5321005D96DD /* Models */ = {
			isa = PBXGroup;
			children = (
				7F8EBD6C247F560E005D96DD /* Anniversary.swift */,
			);
			path = Models;
			sourceTree = "<group>";
		};
		7F8EBD69247F537D005D96DD /* Resources */ = {
			isa = PBXGroup;
			children = (
				7F8EBD6A247F55DE005D96DD /* anniversaries.json */,
			);
			path = Resources;
			sourceTree = "<group>";
		};
		7F8EBD6E247F56F1005D96DD /* Services */ = {
			isa = PBXGroup;
			children = (
				7F8EBD6F247F5704005D96DD /* Data.swift */,
				7F8EBD75247F678F005D96DD /* Anniversaries.swift */,
			);
			path = Services;
			sourceTree = "<group>";
		};
/* End PBXGroup section */

/* Begin PBXNativeTarget section */
		7F8EBD34247F50F0005D96DD /* Anniversary */ = {
			isa = PBXNativeTarget;
			buildConfigurationList = 7F8EBD5E247F50F2005D96DD /* Build configuration list for PBXNativeTarget "Anniversary" */;
			buildPhases = (
				7F8EBD31247F50F0005D96DD /* Sources */,
				7F8EBD32247F50F0005D96DD /* Frameworks */,
				7F8EBD33247F50F0005D96DD /* Resources */,
			);
			buildRules = (
			);
			dependencies = (
			);
			name = Anniversary;
			packageProductDependencies = (
				7F8EBD78247FA9AB005D96DD /* SwiftDate */,
			);
			productName = Anniversary;
			productReference = 7F8EBD35247F50F0005D96DD /* Anniversary.app */;
			productType = "com.apple.product-type.application";
		};
		7F8EBD49247F50F2005D96DD /* AnniversaryTests */ = {
			isa = PBXNativeTarget;
			buildConfigurationList = 7F8EBD61247F50F2005D96DD /* Build configuration list for PBXNativeTarget "AnniversaryTests" */;
			buildPhases = (
				7F8EBD46247F50F2005D96DD /* Sources */,
				7F8EBD47247F50F2005D96DD /* Frameworks */,
				7F8EBD48247F50F2005D96DD /* Resources */,
			);
			buildRules = (
			);
			dependencies = (
				7F8EBD4C247F50F2005D96DD /* PBXTargetDependency */,
			);
			name = AnniversaryTests;
			productName = AnniversaryTests;
			productReference = 7F8EBD4A247F50F2005D96DD /* AnniversaryTests.xctest */;
			productType = "com.apple.product-type.bundle.unit-test";
		};
		7F8EBD54247F50F2005D96DD /* AnniversaryUITests */ = {
			isa = PBXNativeTarget;
			buildConfigurationList = 7F8EBD64247F50F2005D96DD /* Build configuration list for PBXNativeTarget "AnniversaryUITests" */;
			buildPhases = (
				7F8EBD51247F50F2005D96DD /* Sources */,
				7F8EBD52247F50F2005D96DD /* Frameworks */,
				7F8EBD53247F50F2005D96DD /* Resources */,
			);
			buildRules = (
			);
			dependencies = (
				7F8EBD57247F50F2005D96DD /* PBXTargetDependency */,
			);
			name = AnniversaryUITests;
			productName = AnniversaryUITests;
			productReference = 7F8EBD55247F50F2005D96DD /* AnniversaryUITests.xctest */;
			productType = "com.apple.product-type.bundle.ui-testing";
		};
/* End PBXNativeTarget section */

/* Begin PBXProject section */
		7F8EBD2D247F50F0005D96DD /* Project object */ = {
			isa = PBXProject;
			attributes = {
				LastSwiftUpdateCheck = 1140;
				LastUpgradeCheck = 1140;
				ORGANIZATIONNAME = yzqi;
				TargetAttributes = {
					7F8EBD34247F50F0005D96DD = {
						CreatedOnToolsVersion = 11.4.1;
					};
					7F8EBD49247F50F2005D96DD = {
						CreatedOnToolsVersion = 11.4.1;
						TestTargetID = 7F8EBD34247F50F0005D96DD;
					};
					7F8EBD54247F50F2005D96DD = {
						CreatedOnToolsVersion = 11.4.1;
						TestTargetID = 7F8EBD34247F50F0005D96DD;
					};
				};
			};
			buildConfigurationList = 7F8EBD30247F50F0005D96DD /* Build configuration list for PBXProject "Anniversary" */;
			compatibilityVersion = "Xcode 9.3";
			developmentRegion = en;
			hasScannedForEncodings = 0;
			knownRegions = (
				en,
				Base,
			);
			mainGroup = 7F8EBD2C247F50F0005D96DD;
			packageReferences = (
				7F8EBD77247FA9AB005D96DD /* XCRemoteSwiftPackageReference "SwiftDate" */,
			);
			productRefGroup = 7F8EBD36247F50F0005D96DD /* Products */;
			projectDirPath = "";
			projectRoot = "";
			targets = (
				7F8EBD34247F50F0005D96DD /* Anniversary */,
				7F8EBD49247F50F2005D96DD /* AnniversaryTests */,
				7F8EBD54247F50F2005D96DD /* AnniversaryUITests */,
			);
		};
/* End PBXProject section */

/* Begin PBXResourcesBuildPhase section */
		7F8EBD33247F50F0005D96DD /* Resources */ = {
			isa = PBXResourcesBuildPhase;
			buildActionMask = 2147483647;
			files = (
				7F8EBD6B247F55DE005D96DD /* anniversaries.json in Resources */,
				7F8EBD43247F50F2005D96DD /* Main.storyboard in Resources */,
				7F8EBD40247F50F2005D96DD /* Preview Assets.xcassets in Resources */,
				7F8EBD3D247F50F2005D96DD /* Assets.xcassets in Resources */,
			);
			runOnlyForDeploymentPostprocessing = 0;
		};
		7F8EBD48247F50F2005D96DD /* Resources */ = {
			isa = PBXResourcesBuildPhase;
			buildActionMask = 2147483647;
			files = (
			);
			runOnlyForDeploymentPostprocessing = 0;
		};
		7F8EBD53247F50F2005D96DD /* Resources */ = {
			isa = PBXResourcesBuildPhase;
			buildActionMask = 2147483647;
			files = (
			);
			runOnlyForDeploymentPostprocessing = 0;
		};
/* End PBXResourcesBuildPhase section */

/* Begin PBXSourcesBuildPhase section */
		7F8EBD31247F50F0005D96DD /* Sources */ = {
			isa = PBXSourcesBuildPhase;
			buildActionMask = 2147483647;
			files = (
				7F8EBD6D247F560E005D96DD /* Anniversary.swift in Sources */,
				7F8EBD72247F5780005D96DD /* AnniversaryRow.swift in Sources */,
				7F8EBD76247F678F005D96DD /* Anniversaries.swift in Sources */,
				7F8EBD74247F578E005D96DD /* AnniversaryList.swift in Sources */,
				7F8EBD7F247FBFC2005D96DD /* NavigationDetail.swift in Sources */,
				7F8EBD3B247F50F0005D96DD /* ContentView.swift in Sources */,
				7F8EBD7D247FBE5A005D96DD /* NavigationMaster.swift in Sources */,
				7F8EBD39247F50F0005D96DD /* AppDelegate.swift in Sources */,
				7F8EBD70247F5704005D96DD /* Data.swift in Sources */,
				7F8EBD7B247FBA2C005D96DD /* AnniversaryDetail.swift in Sources */,
			);
			runOnlyForDeploymentPostprocessing = 0;
		};
		7F8EBD46247F50F2005D96DD /* Sources */ = {
			isa = PBXSourcesBuildPhase;
			buildActionMask = 2147483647;
			files = (
				7F8EBD4F247F50F2005D96DD /* AnniversaryTests.swift in Sources */,
			);
			runOnlyForDeploymentPostprocessing = 0;
		};
		7F8EBD51247F50F2005D96DD /* Sources */ = {
			isa = PBXSourcesBuildPhase;
			buildActionMask = 2147483647;
			files = (
				7F8EBD5A247F50F2005D96DD /* AnniversaryUITests.swift in Sources */,
			);
			runOnlyForDeploymentPostprocessing = 0;
		};
/* End PBXSourcesBuildPhase section */

/* Begin PBXTargetDependency section */
		7F8EBD4C247F50F2005D96DD /* PBXTargetDependency */ = {
			isa = PBXTargetDependency;
			target = 7F8EBD34247F50F0005D96DD /* Anniversary */;
			targetProxy = 7F8EBD4B247F50F2005D96DD /* PBXContainerItemProxy */;
		};
		7F8EBD57247F50F2005D96DD /* PBXTargetDependency */ = {
			isa = PBXTargetDependency;
			target = 7F8EBD34247F50F0005D96DD /* Anniversary */;
			targetProxy = 7F8EBD56247F50F2005D96DD /* PBXContainerItemProxy */;
		};
/* End PBXTargetDependency section */

/* Begin PBXVariantGroup section */
		7F8EBD41247F50F2005D96DD /* Main.storyboard */ = {
			isa = PBXVariantGroup;
			children = (
				7F8EBD42247F50F2005D96DD /* Base */,
			);
			name = Main.storyboard;
			sourceTree = "<group>";
		};
/* End PBXVariantGroup section */

/* Begin XCBuildConfiguration section */
		7F8EBD5C247F50F2005D96DD /* Debug */ = {
			isa = XCBuildConfiguration;
			buildSettings = {
				ALWAYS_SEARCH_USER_PATHS = NO;
				CLANG_ANALYZER_NONNULL = YES;
				CLANG_ANALYZER_NUMBER_OBJECT_CONVERSION = YES_AGGRESSIVE;
				CLANG_CXX_LANGUAGE_STANDARD = "gnu++14";
				CLANG_CXX_LIBRARY = "libc++";
				CLANG_ENABLE_MODULES = YES;
				CLANG_ENABLE_OBJC_ARC = YES;
				CLANG_ENABLE_OBJC_WEAK = YES;
				CLANG_WARN_BLOCK_CAPTURE_AUTORELEASING = YES;
				CLANG_WARN_BOOL_CONVERSION = YES;
				CLANG_WARN_COMMA = YES;
				CLANG_WARN_CONSTANT_CONVERSION = YES;
				CLANG_WARN_DEPRECATED_OBJC_IMPLEMENTATIONS = YES;
				CLANG_WARN_DIRECT_OBJC_ISA_USAGE = YES_ERROR;
				CLANG_WARN_DOCUMENTATION_COMMENTS = YES;
				CLANG_WARN_EMPTY_BODY = YES;
				CLANG_WARN_ENUM_CONVERSION = YES;
				CLANG_WARN_INFINITE_RECURSION = YES;
				CLANG_WARN_INT_CONVERSION = YES;
				CLANG_WARN_NON_LITERAL_NULL_CONVERSION = YES;
				CLANG_WARN_OBJC_IMPLICIT_RETAIN_SELF = YES;
				CLANG_WARN_OBJC_LITERAL_CONVERSION = YES;
				CLANG_WARN_OBJC_ROOT_CLASS = YES_ERROR;
				CLANG_WARN_RANGE_LOOP_ANALYSIS = YES;
				CLANG_WARN_STRICT_PROTOTYPES = YES;
				CLANG_WARN_SUSPICIOUS_MOVE = YES;
				CLANG_WARN_UNGUARDED_AVAILABILITY = YES_AGGRESSIVE;
				CLANG_WARN_UNREACHABLE_CODE = YES;
				CLANG_WARN__DUPLICATE_METHOD_MATCH = YES;
				COPY_PHASE_STRIP = NO;
				DEBUG_INFORMATION_FORMAT = dwarf;
				ENABLE_STRICT_OBJC_MSGSEND = YES;
				ENABLE_TESTABILITY = YES;
				GCC_C_LANGUAGE_STANDARD = gnu11;
				GCC_DYNAMIC_NO_PIC = NO;
				GCC_NO_COMMON_BLOCKS = YES;
				GCC_OPTIMIZATION_LEVEL = 0;
				GCC_PREPROCESSOR_DEFINITIONS = (
					"DEBUG=1",
					"$(inherited)",
				);
				GCC_WARN_64_TO_32_BIT_CONVERSION = YES;
				GCC_WARN_ABOUT_RETURN_TYPE = YES_ERROR;
				GCC_WARN_UNDECLARED_SELECTOR = YES;
				GCC_WARN_UNINITIALIZED_AUTOS = YES_AGGRESSIVE;
				GCC_WARN_UNUSED_FUNCTION = YES;
				GCC_WARN_UNUSED_VARIABLE = YES;
				MACOSX_DEPLOYMENT_TARGET = 10.15;
				MTL_ENABLE_DEBUG_INFO = INCLUDE_SOURCE;
				MTL_FAST_MATH = YES;
				ONLY_ACTIVE_ARCH = YES;
				SDKROOT = macosx;
				SWIFT_ACTIVE_COMPILATION_CONDITIONS = DEBUG;
				SWIFT_OPTIMIZATION_LEVEL = "-Onone";
			};
			name = Debug;
		};
		7F8EBD5D247F50F2005D96DD /* Release */ = {
			isa = XCBuildConfiguration;
			buildSettings = {
				ALWAYS_SEARCH_USER_PATHS = NO;
				CLANG_ANALYZER_NONNULL = YES;
				CLANG_ANALYZER_NUMBER_OBJECT_CONVERSION = YES_AGGRESSIVE;
				CLANG_CXX_LANGUAGE_STANDARD = "gnu++14";
				CLANG_CXX_LIBRARY = "libc++";
				CLANG_ENABLE_MODULES = YES;
				CLANG_ENABLE_OBJC_ARC = YES;
				CLANG_ENABLE_OBJC_WEAK = YES;
				CLANG_WARN_BLOCK_CAPTURE_AUTORELEASING = YES;
				CLANG_WARN_BOOL_CONVERSION = YES;
				CLANG_WARN_COMMA = YES;
				CLANG_WARN_CONSTANT_CONVERSION = YES;
				CLANG_WARN_DEPRECATED_OBJC_IMPLEMENTATIONS = YES;
				CLANG_WARN_DIRECT_OBJC_ISA_USAGE = YES_ERROR;
				CLANG_WARN_DOCUMENTATION_COMMENTS = YES;
				CLANG_WARN_EMPTY_BODY = YES;
				CLANG_WARN_ENUM_CONVERSION = YES;
				CLANG_WARN_INFINITE_RECURSION = YES;
				CLANG_WARN_INT_CONVERSION = YES;
				CLANG_WARN_NON_LITERAL_NULL_CONVERSION = YES;
				CLANG_WARN_OBJC_IMPLICIT_RETAIN_SELF = YES;
				CLANG_WARN_OBJC_LITERAL_CONVERSION = YES;
				CLANG_WARN_OBJC_ROOT_CLASS = YES_ERROR;
				CLANG_WARN_RANGE_LOOP_ANALYSIS = YES;
				CLANG_WARN_STRICT_PROTOTYPES = YES;
				CLANG_WARN_SUSPICIOUS_MOVE = YES;
				CLANG_WARN_UNGUARDED_AVAILABILITY = YES_AGGRESSIVE;
				CLANG_WARN_UNREACHABLE_CODE = YES;
				CLANG_WARN__DUPLICATE_METHOD_MATCH = YES;
				COPY_PHASE_STRIP = NO;
				DEBUG_INFORMATION_FORMAT = "dwarf-with-dsym";
				ENABLE_NS_ASSERTIONS = NO;
				ENABLE_STRICT_OBJC_MSGSEND = YES;
				GCC_C_LANGUAGE_STANDARD = gnu11;
				GCC_NO_COMMON_BLOCKS = YES;
				GCC_WARN_64_TO_32_BIT_CONVERSION = YES;
				GCC_WARN_ABOUT_RETURN_TYPE = YES_ERROR;
				GCC_WARN_UNDECLARED_SELECTOR = YES;
				GCC_WARN_UNINITIALIZED_AUTOS = YES_AGGRESSIVE;
				GCC_WARN_UNUSED_FUNCTION = YES;
				GCC_WARN_UNUSED_VARIABLE = YES;
				MACOSX_DEPLOYMENT_TARGET = 10.15;
				MTL_ENABLE_DEBUG_INFO = NO;
				MTL_FAST_MATH = YES;
				SDKROOT = macosx;
				SWIFT_COMPILATION_MODE = wholemodule;
				SWIFT_OPTIMIZATION_LEVEL = "-O";
			};
			name = Release;
		};
		7F8EBD5F247F50F2005D96DD /* Debug */ = {
			isa = XCBuildConfiguration;
			buildSettings = {
				ASSETCATALOG_COMPILER_APPICON_NAME = AppIcon;
				CODE_SIGN_ENTITLEMENTS = Anniversary/Anniversary.entitlements;
				CODE_SIGN_STYLE = Automatic;
				COMBINE_HIDPI_IMAGES = YES;
				DEVELOPMENT_ASSET_PATHS = "\"Anniversary/Preview Content\"";
				ENABLE_PREVIEWS = YES;
				INFOPLIST_FILE = Anniversary/Info.plist;
				LD_RUNPATH_SEARCH_PATHS = (
					"$(inherited)",
					"@executable_path/../Frameworks",
				);
				MACOSX_DEPLOYMENT_TARGET = 10.15;
				PRODUCT_BUNDLE_IDENTIFIER = yzqi.Anniversary;
				PRODUCT_NAME = "$(TARGET_NAME)";
				SWIFT_VERSION = 5.0;
			};
			name = Debug;
		};
		7F8EBD60247F50F2005D96DD /* Release */ = {
			isa = XCBuildConfiguration;
			buildSettings = {
				ASSETCATALOG_COMPILER_APPICON_NAME = AppIcon;
				CODE_SIGN_ENTITLEMENTS = Anniversary/Anniversary.entitlements;
				CODE_SIGN_STYLE = Automatic;
				COMBINE_HIDPI_IMAGES = YES;
				DEVELOPMENT_ASSET_PATHS = "\"Anniversary/Preview Content\"";
				ENABLE_PREVIEWS = YES;
				INFOPLIST_FILE = Anniversary/Info.plist;
				LD_RUNPATH_SEARCH_PATHS = (
					"$(inherited)",
					"@executable_path/../Frameworks",
				);
				MACOSX_DEPLOYMENT_TARGET = 10.15;
				PRODUCT_BUNDLE_IDENTIFIER = yzqi.Anniversary;
				PRODUCT_NAME = "$(TARGET_NAME)";
				SWIFT_VERSION = 5.0;
			};
			name = Release;
		};
		7F8EBD62247F50F2005D96DD /* Debug */ = {
			isa = XCBuildConfiguration;
			buildSettings = {
				ALWAYS_EMBED_SWIFT_STANDARD_LIBRARIES = YES;
				BUNDLE_LOADER = "$(TEST_HOST)";
				CODE_SIGN_STYLE = Automatic;
				COMBINE_HIDPI_IMAGES = YES;
				INFOPLIST_FILE = AnniversaryTests/Info.plist;
				LD_RUNPATH_SEARCH_PATHS = (
					"$(inherited)",
					"@executable_path/../Frameworks",
					"@loader_path/../Frameworks",
				);
				MACOSX_DEPLOYMENT_TARGET = 10.15;
				PRODUCT_BUNDLE_IDENTIFIER = yzqi.AnniversaryTests;
				PRODUCT_NAME = "$(TARGET_NAME)";
				SWIFT_VERSION = 5.0;
				TEST_HOST = "$(BUILT_PRODUCTS_DIR)/Anniversary.app/Contents/MacOS/Anniversary";
			};
			name = Debug;
		};
		7F8EBD63247F50F2005D96DD /* Release */ = {
			isa = XCBuildConfiguration;
			buildSettings = {
				ALWAYS_EMBED_SWIFT_STANDARD_LIBRARIES = YES;
				BUNDLE_LOADER = "$(TEST_HOST)";
				CODE_SIGN_STYLE = Automatic;
				COMBINE_HIDPI_IMAGES = YES;
				INFOPLIST_FILE = AnniversaryTests/Info.plist;
				LD_RUNPATH_SEARCH_PATHS = (
					"$(inherited)",
					"@executable_path/../Frameworks",
					"@loader_path/../Frameworks",
				);
				MACOSX_DEPLOYMENT_TARGET = 10.15;
				PRODUCT_BUNDLE_IDENTIFIER = yzqi.AnniversaryTests;
				PRODUCT_NAME = "$(TARGET_NAME)";
				SWIFT_VERSION = 5.0;
				TEST_HOST = "$(BUILT_PRODUCTS_DIR)/Anniversary.app/Contents/MacOS/Anniversary";
			};
			name = Release;
		};
		7F8EBD65247F50F2005D96DD /* Debug */ = {
			isa = XCBuildConfiguration;
			buildSettings = {
				ALWAYS_EMBED_SWIFT_STANDARD_LIBRARIES = YES;
				CODE_SIGN_STYLE = Automatic;
				COMBINE_HIDPI_IMAGES = YES;
				INFOPLIST_FILE = AnniversaryUITests/Info.plist;
				LD_RUNPATH_SEARCH_PATHS = (
					"$(inherited)",
					"@executable_path/../Frameworks",
					"@loader_path/../Frameworks",
				);
				PRODUCT_BUNDLE_IDENTIFIER = yzqi.AnniversaryUITests;
				PRODUCT_NAME = "$(TARGET_NAME)";
				SWIFT_VERSION = 5.0;
				TEST_TARGET_NAME = Anniversary;
			};
			name = Debug;
		};
		7F8EBD66247F50F2005D96DD /* Release */ = {
			isa = XCBuildConfiguration;
			buildSettings = {
				ALWAYS_EMBED_SWIFT_STANDARD_LIBRARIES = YES;
				CODE_SIGN_STYLE = Automatic;
				COMBINE_HIDPI_IMAGES = YES;
				INFOPLIST_FILE = AnniversaryUITests/Info.plist;
				LD_RUNPATH_SEARCH_PATHS = (
					"$(inherited)",
					"@executable_path/../Frameworks",
					"@loader_path/../Frameworks",
				);
				PRODUCT_BUNDLE_IDENTIFIER = yzqi.AnniversaryUITests;
				PRODUCT_NAME = "$(TARGET_NAME)";
				SWIFT_VERSION = 5.0;
				TEST_TARGET_NAME = Anniversary;
			};
			name = Release;
		};
/* End XCBuildConfiguration section */

/* Begin XCConfigurationList section */
		7F8EBD30247F50F0005D96DD /* Build configuration list for PBXProject "Anniversary" */ = {
			isa = XCConfigurationList;
			buildConfigurations = (
				7F8EBD5C247F50F2005D96DD /* Debug */,
				7F8EBD5D247F50F2005D96DD /* Release */,
			);
			defaultConfigurationIsVisible = 0;
			defaultConfigurationName = Release;
		};
		7F8EBD5E247F50F2005D96DD /* Build configuration list for PBXNativeTarget "Anniversary" */ = {
			isa = XCConfigurationList;
			buildConfigurations = (
				7F8EBD5F247F50F2005D96DD /* Debug */,
				7F8EBD60247F50F2005D96DD /* Release */,
			);
			defaultConfigurationIsVisible = 0;
			defaultConfigurationName = Release;
		};
		7F8EBD61247F50F2005D96DD /* Build configuration list for PBXNativeTarget "AnniversaryTests" */ = {
			isa = XCConfigurationList;
			buildConfigurations = (
				7F8EBD62247F50F2005D96DD /* Debug */,
				7F8EBD63247F50F2005D96DD /* Release */,
			);
			defaultConfigurationIsVisible = 0;
			defaultConfigurationName = Release;
		};
		7F8EBD64247F50F2005D96DD /* Build configuration list for PBXNativeTarget "AnniversaryUITests" */ = {
			isa = XCConfigurationList;
			buildConfigurations = (
				7F8EBD65247F50F2005D96DD /* Debug */,
				7F8EBD66247F50F2005D96DD /* Release */,
			);
			defaultConfigurationIsVisible = 0;
			defaultConfigurationName = Release;
		};
/* End XCConfigurationList section */

/* Begin XCRemoteSwiftPackageReference section */
		7F8EBD77247FA9AB005D96DD /* XCRemoteSwiftPackageReference "SwiftDate" */ = {
			isa = XCRemoteSwiftPackageReference;
			repositoryURL = "https://github.com/malcommac/SwiftDate.git";
			requirement = {
				kind = upToNextMajorVersion;
				minimumVersion = 6.1.0;
			};
		};
/* End XCRemoteSwiftPackageReference section */

/* Begin XCSwiftPackageProductDependency section */
		7F8EBD78247FA9AB005D96DD /* SwiftDate */ = {
			isa = XCSwiftPackageProductDependency;
			package = 7F8EBD77247FA9AB005D96DD /* XCRemoteSwiftPackageReference "SwiftDate" */;
			productName = SwiftDate;
		};
/* End XCSwiftPackageProductDependency section */
	};
	rootObject = 7F8EBD2D247F50F0005D96DD /* Project object */;
}
